Microsoft Visual Studio Solution File, Format Version 12.00
# Visual Studio Version 17
VisualStudioVersion = 17.5.2.0
MinimumVisualStudioVersion = 10.0.40219.1
Project("{FAE04EC0-301F-11D3-BF4B-00C04F79EFBC}") = "MPRG", "MPRG.csproj", "{AEBA815D-3135-21C4-D586-D7AFE8506057}"
EndProject
Global
	GlobalSection(SolutionConfigurationPlatforms) = preSolution
		Debug|Any CPU = Debug|Any CPU
		Release|Any CPU = Release|Any CPU
	EndGlobalSection
	GlobalSection(ProjectConfigurationPlatforms) = postSolution
		{AEBA815D-3135-21C4-D586-D7AFE8506057}.Debug|Any CPU.ActiveCfg = Debug|Any CPU
		{AEBA815D-3135-21C4-D586-D7AFE8506057}.Debug|Any CPU.Build.0 = Debug|Any CPU
		{AEBA815D-3135-21C4-D586-D7AFE8506057}.Release|Any CPU.ActiveCfg = Release|Any CPU
		{AEBA815D-3135-21C4-D586-D7AFE8506057}.Release|Any CPU.Build.0 = Release|Any CPU
	EndGlobalSection
	GlobalSection(SolutionProperties) = preSolution
		HideSolutionNode = FALSE
	EndGlobalSection
	GlobalSection(ExtensibilityGlobals) = postSolution
		SolutionGuid = {9810A04D-F2B0-4047-A79F-982DD5D95706}
	EndGlobalSection
EndGlobal
